
Microsoft Visual Studio Solution File, Format Version 12.00
# Visual Studio 15
VisualStudioVersion = 15.0.28307.572
MinimumVisualStudioVersion = 10.0.40219.1
Project("{FAE04EC0-301F-11D3-BF4B-00C04F79EFBC}") = "ComercioWIN", "ComercioWIN\ComercioWIN.csproj", "{BF2AAC84-4712-4A9E-AED7-FCE52DBFF58A}"
EndProject
Project("{FAE04EC0-301F-11D3-BF4B-00C04F79EFBC}") = "Dominio", "Dominio\Dominio.csproj", "{B4331CEB-7129-4255-AB74-1B3E60C8AE0E}"
EndProject
Project("{FAE04EC0-301F-11D3-BF4B-00C04F79EFBC}") = "Negocio", "Negocio\Negocio.csproj", "{7EA8796D-DE1E-4127-9072-7CBF115DF737}"
EndProject
Project("{2150E333-8FDC-42A3-9474-1A3956D46DE8}") = "Script SQL", "Script SQL", "{D0BA3F09-2FAD-4C2D-A217-D590525AD827}"
	ProjectSection(SolutionItems) = preProject
		..\..\..\Desktop\DANGELO_DB.sql = ..\..\..\Desktop\DANGELO_DB.sql
	EndProjectSection
EndProject
Global
	GlobalSection(SolutionConfigurationPlatforms) = preSolution
		Debug|Any CPU = Debug|Any CPU
		Release|Any CPU = Release|Any CPU
	EndGlobalSection
	GlobalSection(ProjectConfigurationPlatforms) = postSolution
		{BF2AAC84-4712-4A9E-AED7-FCE52DBFF58A}.Debug|Any CPU.ActiveCfg = Debug|Any CPU
		{BF2AAC84-4712-4A9E-AED7-FCE52DBFF58A}.Debug|Any CPU.Build.0 = Debug|Any CPU
		{BF2AAC84-4712-4A9E-AED7-FCE52DBFF58A}.Release|Any CPU.ActiveCfg = Release|Any CPU
		{BF2AAC84-4712-4A9E-AED7-FCE52DBFF58A}.Release|Any CPU.Build.0 = Release|Any CPU
		{B4331CEB-7129-4255-AB74-1B3E60C8AE0E}.Debug|Any CPU.ActiveCfg = Debug|Any CPU
		{B4331CEB-7129-4255-AB74-1B3E60C8AE0E}.Debug|Any CPU.Build.0 = Debug|Any CPU
		{B4331CEB-7129-4255-AB74-1B3E60C8AE0E}.Release|Any CPU.ActiveCfg = Release|Any CPU
		{B4331CEB-7129-4255-AB74-1B3E60C8AE0E}.Release|Any CPU.Build.0 = Release|Any CPU
		{7EA8796D-DE1E-4127-9072-7CBF115DF737}.Debug|Any CPU.ActiveCfg = Debug|Any CPU
		{7EA8796D-DE1E-4127-9072-7CBF115DF737}.Debug|Any CPU.Build.0 = Debug|Any CPU
		{7EA8796D-DE1E-4127-9072-7CBF115DF737}.Release|Any CPU.ActiveCfg = Release|Any CPU
		{7EA8796D-DE1E-4127-9072-7CBF115DF737}.Release|Any CPU.Build.0 = Release|Any CPU
	EndGlobalSection
	GlobalSection(SolutionProperties) = preSolution
		HideSolutionNode = FALSE
	EndGlobalSection
	GlobalSection(ExtensibilityGlobals) = postSolution
		SolutionGuid = {54A70217-6A6D-4744-8AB8-361D6AF3220E}
	EndGlobalSection
EndGlobal
